
Microsoft Visual Studio Solution File, Format Version 12.00
# Visual Studio Version 16
VisualStudioVersion = 16.0.31004.235
MinimumVisualStudioVersion = 10.0.40219.1
Project("{9A19103F-16F7-4668-BE54-9A1E7A4F7556}") = "Tools", "Tools\Tools.csproj", "{42F0A086-E34A-4837-BEAE-CD699A16256C}"
EndProject
Project("{9A19103F-16F7-4668-BE54-9A1E7A4F7556}") = "Jwc", "Jwc\Jwc.csproj", "{1879BA8D-5ED2-4E2B-82A9-7C10D71FFBEA}"
EndProject
Global
	GlobalSection(SolutionConfigurationPlatforms) = preSolution
		Debug|Any CPU = Debug|Any CPU
		Release|Any CPU = Release|Any CPU
	EndGlobalSection
	GlobalSection(ProjectConfigurationPlatforms) = postSolution
		{42F0A086-E34A-4837-BEAE-CD699A16256C}.Debug|Any CPU.ActiveCfg = Debug|Any CPU
		{42F0A086-E34A-4837-BEAE-CD699A16256C}.Debug|Any CPU.Build.0 = Debug|Any CPU
		{42F0A086-E34A-4837-BEAE-CD699A16256C}.Release|Any CPU.ActiveCfg = Release|Any CPU
		{42F0A086-E34A-4837-BEAE-CD699A16256C}.Release|Any CPU.Build.0 = Release|Any CPU
		{1879BA8D-5ED2-4E2B-82A9-7C10D71FFBEA}.Debug|Any CPU.ActiveCfg = Debug|Any CPU
		{1879BA8D-5ED2-4E2B-82A9-7C10D71FFBEA}.Debug|Any CPU.Build.0 = Debug|Any CPU
		{1879BA8D-5ED2-4E2B-82A9-7C10D71FFBEA}.Release|Any CPU.ActiveCfg = Release|Any CPU
		{1879BA8D-5ED2-4E2B-82A9-7C10D71FFBEA}.Release|Any CPU.Build.0 = Release|Any CPU
	EndGlobalSection
	GlobalSection(SolutionProperties) = preSolution
		HideSolutionNode = FALSE
	EndGlobalSection
	GlobalSection(ExtensibilityGlobals) = postSolution
		SolutionGuid = {27B4CC34-2DAC-4B41-9607-02A4B9949AE3}
	EndGlobalSection
EndGlobal
